
Microsoft Visual Studio Solution File, Format Version 12.00
# Visual Studio Version 16
VisualStudioVersion = 16.0.35731.53
MinimumVisualStudioVersion = 10.0.40219.1
Project("{FAE04EC0-301F-11D3-BF4B-00C04F79EFBC}") = "PAS.Smp", "pas.smp\PAS.Smp.csproj", "{277567A6-D048-4FB6-BC5E-C4950870A416}"
EndProject
Project("{2150E333-8FDC-42A3-9474-1A3956D46DE8}") = "0.Lib.Core", "0.Lib.Core", "{C54FBEDA-D461-4608-B6A5-08AC7D5F018C}"
EndProject
Project("{2150E333-8FDC-42A3-9474-1A3956D46DE8}") = "1.Pas.Main", "1.Pas.Main", "{0BA46A78-9596-48B7-B4E6-CE74B339F195}"
EndProject
Project("{FAE04EC0-301F-11D3-BF4B-00C04F79EFBC}") = "ldenvlib", "..\CS.TRabbit_V4\ldenvlib\ldenvlib.csproj", "{32334C37-E8D6-483C-A787-C66D31ADF518}"
EndProject
Project("{FAE04EC0-301F-11D3-BF4B-00C04F79EFBC}") = "TR_Provider", "..\CS.TRabbit_V4\TR_Provider\TR_Provider.csproj", "{E9C69C3F-35AB-486F-95D5-484684C7AA4B}"
EndProject
Project("{FAE04EC0-301F-11D3-BF4B-00C04F79EFBC}") = "TR_Library", "..\CS.TRabbit_V4\TR_Library\TR_Library.csproj", "{7845A835-3539-4C92-B83C-E6C3227A7831}"
EndProject
Project("{FAE04EC0-301F-11D3-BF4B-00C04F79EFBC}") = "TR_Common", "..\CS.TRabbit_V4\TR_Common\TR_Common.csproj", "{41217009-999A-4178-9266-8373B3A68DC6}"
EndProject
Project("{FAE04EC0-301F-11D3-BF4B-00C04F79EFBC}") = "PAS.Task", "PAS.Task\PAS.Task.csproj", "{3E43AA2F-2F94-4150-91DD-76052A3F5B11}"
EndProject
Project("{FAE04EC0-301F-11D3-BF4B-00C04F79EFBC}") = "pas.mgp", "pas.mgp\pas.mgp.csproj", "{4CD8D5F4-8775-4408-94A7-DC14B6B0ABD4}"
EndProject
Project("{FAE04EC0-301F-11D3-BF4B-00C04F79EFBC}") = "PAS.PMP", "PAS.PMP\PAS.PMP.csproj", "{E44AB8D6-1F5E-40D4-8127-6D3598B87B45}"
EndProject
Global
	GlobalSection(SolutionConfigurationPlatforms) = preSolution
		Debug|Any CPU = Debug|Any CPU
		Debug|x64 = Debug|x64
		Debug|x86 = Debug|x86
		Release|Any CPU = Release|Any CPU
		Release|x64 = Release|x64
		Release|x86 = Release|x86
	EndGlobalSection
	GlobalSection(ProjectConfigurationPlatforms) = postSolution
		{277567A6-D048-4FB6-BC5E-C4950870A416}.Debug|Any CPU.ActiveCfg = Debug|Any CPU
		{277567A6-D048-4FB6-BC5E-C4950870A416}.Debug|Any CPU.Build.0 = Debug|Any CPU
		{277567A6-D048-4FB6-BC5E-C4950870A416}.Debug|x64.ActiveCfg = Debug|Any CPU
		{277567A6-D048-4FB6-BC5E-C4950870A416}.Debug|x64.Build.0 = Debug|Any CPU
		{277567A6-D048-4FB6-BC5E-C4950870A416}.Debug|x86.ActiveCfg = Debug|Any CPU
		{277567A6-D048-4FB6-BC5E-C4950870A416}.Debug|x86.Build.0 = Debug|Any CPU
		{277567A6-D048-4FB6-BC5E-C4950870A416}.Release|Any CPU.ActiveCfg = Release|Any CPU
		{277567A6-D048-4FB6-BC5E-C4950870A416}.Release|Any CPU.Build.0 = Release|Any CPU
		{277567A6-D048-4FB6-BC5E-C4950870A416}.Release|x64.ActiveCfg = Release|Any CPU
		{277567A6-D048-4FB6-BC5E-C4950870A416}.Release|x64.Build.0 = Release|Any CPU
		{277567A6-D048-4FB6-BC5E-C4950870A416}.Release|x86.ActiveCfg = Release|Any CPU
		{277567A6-D048-4FB6-BC5E-C4950870A416}.Release|x86.Build.0 = Release|Any CPU
		{32334C37-E8D6-483C-A787-C66D31ADF518}.Debug|Any CPU.ActiveCfg = Debug|Any CPU
		{32334C37-E8D6-483C-A787-C66D31ADF518}.Debug|Any CPU.Build.0 = Debug|Any CPU
		{32334C37-E8D6-483C-A787-C66D31ADF518}.Debug|x64.ActiveCfg = Debug|Any CPU
		{32334C37-E8D6-483C-A787-C66D31ADF518}.Debug|x64.Build.0 = Debug|Any CPU
		{32334C37-E8D6-483C-A787-C66D31ADF518}.Debug|x86.ActiveCfg = Debug|Any CPU
		{32334C37-E8D6-483C-A787-C66D31ADF518}.Debug|x86.Build.0 = Debug|Any CPU
		{32334C37-E8D6-483C-A787-C66D31ADF518}.Release|Any CPU.ActiveCfg = Release|Any CPU
		{32334C37-E8D6-483C-A787-C66D31ADF518}.Release|Any CPU.Build.0 = Release|Any CPU
		{32334C37-E8D6-483C-A787-C66D31ADF518}.Release|x64.ActiveCfg = Release|Any CPU
		{32334C37-E8D6-483C-A787-C66D31ADF518}.Release|x64.Build.0 = Release|Any CPU
		{32334C37-E8D6-483C-A787-C66D31ADF518}.Release|x86.ActiveCfg = Release|Any CPU
		{32334C37-E8D6-483C-A787-C66D31ADF518}.Release|x86.Build.0 = Release|Any CPU
		{E9C69C3F-35AB-486F-95D5-484684C7AA4B}.Debug|Any CPU.ActiveCfg = Debug|Any CPU
		{E9C69C3F-35AB-486F-95D5-484684C7AA4B}.Debug|Any CPU.Build.0 = Debug|Any CPU
		{E9C69C3F-35AB-486F-95D5-484684C7AA4B}.Debug|x64.ActiveCfg = Debug|x64
		{E9C69C3F-35AB-486F-95D5-484684C7AA4B}.Debug|x64.Build.0 = Debug|x64
		{E9C69C3F-35AB-486F-95D5-484684C7AA4B}.Debug|x86.ActiveCfg = Debug|Any CPU
		{E9C69C3F-35AB-486F-95D5-484684C7AA4B}.Debug|x86.Build.0 = Debug|Any CPU
		{E9C69C3F-35AB-486F-95D5-484684C7AA4B}.Release|Any CPU.ActiveCfg = Release|Any CPU
		{E9C69C3F-35AB-486F-95D5-484684C7AA4B}.Release|Any CPU.Build.0 = Release|Any CPU
		{E9C69C3F-35AB-486F-95D5-484684C7AA4B}.Release|x64.ActiveCfg = Release|x64
		{E9C69C3F-35AB-486F-95D5-484684C7AA4B}.Release|x64.Build.0 = Release|x64
		{E9C69C3F-35AB-486F-95D5-484684C7AA4B}.Release|x86.ActiveCfg = Release|Any CPU
		{E9C69C3F-35AB-486F-95D5-484684C7AA4B}.Release|x86.Build.0 = Release|Any CPU
		{7845A835-3539-4C92-B83C-E6C3227A7831}.Debug|Any CPU.ActiveCfg = Debug|Any CPU
		{7845A835-3539-4C92-B83C-E6C3227A7831}.Debug|Any CPU.Build.0 = Debug|Any CPU
		{7845A835-3539-4C92-B83C-E6C3227A7831}.Debug|x64.ActiveCfg = Debug|x64
		{7845A835-3539-4C92-B83C-E6C3227A7831}.Debug|x64.Build.0 = Debug|x64
		{7845A835-3539-4C92-B83C-E6C3227A7831}.Debug|x86.ActiveCfg = Debug|Any CPU
		{7845A835-3539-4C92-B83C-E6C3227A7831}.Debug|x86.Build.0 = Debug|Any CPU
		{7845A835-3539-4C92-B83C-E6C3227A7831}.Release|Any CPU.ActiveCfg = Release|Any CPU
		{7845A835-3539-4C92-B83C-E6C3227A7831}.Release|Any CPU.Build.0 = Release|Any CPU
		{7845A835-3539-4C92-B83C-E6C3227A7831}.Release|x64.ActiveCfg = Release|x64
		{7845A835-3539-4C92-B83C-E6C3227A7831}.Release|x64.Build.0 = Release|x64
		{7845A835-3539-4C92-B83C-E6C3227A7831}.Release|x86.ActiveCfg = Release|Any CPU
		{7845A835-3539-4C92-B83C-E6C3227A7831}.Release|x86.Build.0 = Release|Any CPU
		{41217009-999A-4178-9266-8373B3A68DC6}.Debug|Any CPU.ActiveCfg = Debug|Any CPU
		{41217009-999A-4178-9266-8373B3A68DC6}.Debug|Any CPU.Build.0 = Debug|Any CPU
		{41217009-999A-4178-9266-8373B3A68DC6}.Debug|x64.ActiveCfg = Debug|x64
		{41217009-999A-4178-9266-8373B3A68DC6}.Debug|x64.Build.0 = Debug|x64
		{41217009-999A-4178-9266-8373B3A68DC6}.Debug|x86.ActiveCfg = Debug|x86
		{41217009-999A-4178-9266-8373B3A68DC6}.Debug|x86.Build.0 = Debug|x86
		{41217009-999A-4178-9266-8373B3A68DC6}.Release|Any CPU.ActiveCfg = Release|Any CPU
		{41217009-999A-4178-9266-8373B3A68DC6}.Release|Any CPU.Build.0 = Release|Any CPU
		{41217009-999A-4178-9266-8373B3A68DC6}.Release|x64.ActiveCfg = Release|x64
		{41217009-999A-4178-9266-8373B3A68DC6}.Release|x64.Build.0 = Release|x64
		{41217009-999A-4178-9266-8373B3A68DC6}.Release|x86.ActiveCfg = Release|x86
		{41217009-999A-4178-9266-8373B3A68DC6}.Release|x86.Build.0 = Release|x86
		{3E43AA2F-2F94-4150-91DD-76052A3F5B11}.Debug|Any CPU.ActiveCfg = Debug|Any CPU
		{3E43AA2F-2F94-4150-91DD-76052A3F5B11}.Debug|Any CPU.Build.0 = Debug|Any CPU
		{3E43AA2F-2F94-4150-91DD-76052A3F5B11}.Debug|x64.ActiveCfg = Debug|Any CPU
		{3E43AA2F-2F94-4150-91DD-76052A3F5B11}.Debug|x64.Build.0 = Debug|Any CPU
		{3E43AA2F-2F94-4150-91DD-76052A3F5B11}.Debug|x86.ActiveCfg = Debug|Any CPU
		{3E43AA2F-2F94-4150-91DD-76052A3F5B11}.Debug|x86.Build.0 = Debug|Any CPU
		{3E43AA2F-2F94-4150-91DD-76052A3F5B11}.Release|Any CPU.ActiveCfg = Release|Any CPU
		{3E43AA2F-2F94-4150-91DD-76052A3F5B11}.Release|Any CPU.Build.0 = Release|Any CPU
		{3E43AA2F-2F94-4150-91DD-76052A3F5B11}.Release|x64.ActiveCfg = Release|Any CPU
		{3E43AA2F-2F94-4150-91DD-76052A3F5B11}.Release|x64.Build.0 = Release|Any CPU
		{3E43AA2F-2F94-4150-91DD-76052A3F5B11}.Release|x86.ActiveCfg = Release|Any CPU
		{3E43AA2F-2F94-4150-91DD-76052A3F5B11}.Release|x86.Build.0 = Release|Any CPU
		{4CD8D5F4-8775-4408-94A7-DC14B6B0ABD4}.Debug|Any CPU.ActiveCfg = Debug|Any CPU
		{4CD8D5F4-8775-4408-94A7-DC14B6B0ABD4}.Debug|Any CPU.Build.0 = Debug|Any CPU
		{4CD8D5F4-8775-4408-94A7-DC14B6B0ABD4}.Debug|x64.ActiveCfg = Debug|Any CPU
		{4CD8D5F4-8775-4408-94A7-DC14B6B0ABD4}.Debug|x64.Build.0 = Debug|Any CPU
		{4CD8D5F4-8775-4408-94A7-DC14B6B0ABD4}.Debug|x86.ActiveCfg = Debug|Any CPU
		{4CD8D5F4-8775-4408-94A7-DC14B6B0ABD4}.Debug|x86.Build.0 = Debug|Any CPU
		{4CD8D5F4-8775-4408-94A7-DC14B6B0ABD4}.Release|Any CPU.ActiveCfg = Release|Any CPU
		{4CD8D5F4-8775-4408-94A7-DC14B6B0ABD4}.Release|Any CPU.Build.0 = Release|Any CPU
		{4CD8D5F4-8775-4408-94A7-DC14B6B0ABD4}.Release|x64.ActiveCfg = Release|Any CPU
		{4CD8D5F4-8775-4408-94A7-DC14B6B0ABD4}.Release|x64.Build.0 = Release|Any CPU
		{4CD8D5F4-8775-4408-94A7-DC14B6B0ABD4}.Release|x86.ActiveCfg = Release|Any CPU
		{4CD8D5F4-8775-4408-94A7-DC14B6B0ABD4}.Release|x86.Build.0 = Release|Any CPU
		{E44AB8D6-1F5E-40D4-8127-6D3598B87B45}.Debug|Any CPU.ActiveCfg = Debug|Any CPU
		{E44AB8D6-1F5E-40D4-8127-6D3598B87B45}.Debug|Any CPU.Build.0 = Debug|Any CPU
		{E44AB8D6-1F5E-40D4-8127-6D3598B87B45}.Debug|x64.ActiveCfg = Debug|Any CPU
		{E44AB8D6-1F5E-40D4-8127-6D3598B87B45}.Debug|x64.Build.0 = Debug|Any CPU
		{E44AB8D6-1F5E-40D4-8127-6D3598B87B45}.Debug|x86.ActiveCfg = Debug|Any CPU
		{E44AB8D6-1F5E-40D4-8127-6D3598B87B45}.Debug|x86.Build.0 = Debug|Any CPU
		{E44AB8D6-1F5E-40D4-8127-6D3598B87B45}.Release|Any CPU.ActiveCfg = Release|Any CPU
		{E44AB8D6-1F5E-40D4-8127-6D3598B87B45}.Release|Any CPU.Build.0 = Release|Any CPU
		{E44AB8D6-1F5E-40D4-8127-6D3598B87B45}.Release|x64.ActiveCfg = Release|Any CPU
		{E44AB8D6-1F5E-40D4-8127-6D3598B87B45}.Release|x64.Build.0 = Release|Any CPU
		{E44AB8D6-1F5E-40D4-8127-6D3598B87B45}.Release|x86.ActiveCfg = Release|Any CPU
		{E44AB8D6-1F5E-40D4-8127-6D3598B87B45}.Release|x86.Build.0 = Release|Any CPU
	EndGlobalSection
	GlobalSection(SolutionProperties) = preSolution
		HideSolutionNode = FALSE
	EndGlobalSection
	GlobalSection(NestedProjects) = preSolution
		{277567A6-D048-4FB6-BC5E-C4950870A416} = {0BA46A78-9596-48B7-B4E6-CE74B339F195}
		{32334C37-E8D6-483C-A787-C66D31ADF518} = {C54FBEDA-D461-4608-B6A5-08AC7D5F018C}
		{E9C69C3F-35AB-486F-95D5-484684C7AA4B} = {C54FBEDA-D461-4608-B6A5-08AC7D5F018C}
		{7845A835-3539-4C92-B83C-E6C3227A7831} = {C54FBEDA-D461-4608-B6A5-08AC7D5F018C}
		{41217009-999A-4178-9266-8373B3A68DC6} = {C54FBEDA-D461-4608-B6A5-08AC7D5F018C}
		{3E43AA2F-2F94-4150-91DD-76052A3F5B11} = {0BA46A78-9596-48B7-B4E6-CE74B339F195}
		{4CD8D5F4-8775-4408-94A7-DC14B6B0ABD4} = {0BA46A78-9596-48B7-B4E6-CE74B339F195}
		{E44AB8D6-1F5E-40D4-8127-6D3598B87B45} = {0BA46A78-9596-48B7-B4E6-CE74B339F195}
	EndGlobalSection
	GlobalSection(ExtensibilityGlobals) = postSolution
		SolutionGuid = {1C4BFC68-E567-4983-8356-4EBA0285EA8B}
	EndGlobalSection
EndGlobal
